Microsoft Visual Studio Solution File, Format Version 12.00
# Visual Studio 2013
Project("{8BC9CEB8-8B4A-11D0-8D11-00A0C91BC942}") = "ALL_BUILD", "ALL_BUILD.vcxproj", "{37BCA349-3FE1-43D1-A5F2-CD3C8043F9BF}"
	ProjectSection(ProjectDependencies) = postProject
		{DD4A9015-3166-444A-89AC-84A95B2F1396} = {DD4A9015-3166-444A-89AC-84A95B2F1396}
		{213700FE-ACB4-4705-BB92-8707E97BE637} = {213700FE-ACB4-4705-BB92-8707E97BE637}
		{F2420827-854F-496B-86ED-57A5707AD37B} = {F2420827-854F-496B-86ED-57A5707AD37B}
		{B36657EF-5DFC-405A-A497-222C9410D5D2} = {B36657EF-5DFC-405A-A497-222C9410D5D2}
		{36674CF2-B3C4-48BF-9909-697AADC4C907} = {36674CF2-B3C4-48BF-9909-697AADC4C907}
		{F9BB45E8-DA09-432B-9921-7B649583DEA0} = {F9BB45E8-DA09-432B-9921-7B649583DEA0}
		{7C7D8F5A-0207-48FB-BA39-4535F595A2C6} = {7C7D8F5A-0207-48FB-BA39-4535F595A2C6}
		{6C8DA298-3BBE-4E68-969F-013A0DC27492} = {6C8DA298-3BBE-4E68-969F-013A0DC27492}
		{AF5A3875-1917-4575-BB77-4B48B0F527E5} = {AF5A3875-1917-4575-BB77-4B48B0F527E5}
		{7C9B4885-DB3E-4C0B-90AC-8AF824B5314F} = {7C9B4885-DB3E-4C0B-90AC-8AF824B5314F}
		{A7984644-4B3B-457D-9B93-BFB84BFBE841} = {A7984644-4B3B-457D-9B93-BFB84BFBE841}
		{86718A32-EF10-4A76-B1F7-3D3E21F74065} = {86718A32-EF10-4A76-B1F7-3D3E21F74065}
		{1CFFE178-AF6D-483C-955C-9BE86680616A} = {1CFFE178-AF6D-483C-955C-9BE86680616A}
		{7641FC96-AF76-459B-AF8B-3395947610AA} = {7641FC96-AF76-459B-AF8B-3395947610AA}
		{EF5DB1A3-5D27-4D71-B4DA-90B32F728B5A} = {EF5DB1A3-5D27-4D71-B4DA-90B32F728B5A}
		{E56F5457-2634-4C5A-8402-C66CE979668D} = {E56F5457-2634-4C5A-8402-C66CE979668D}
		{D23D3293-E437-483F-8747-7FAC4361DD68} = {D23D3293-E437-483F-8747-7FAC4361DD68}
		{25F04797-C0DC-4617-814C-A9CDC93D110E} = {25F04797-C0DC-4617-814C-A9CDC93D110E}
	EndProjectSection
EndProject
Project("{8BC9CEB8-8B4A-11D0-8D11-00A0C91BC942}") = "INSTALL", "INSTALL.vcxproj", "{1F8E9A6D-16F0-48FC-8D8E-70FB2768779E}"
	ProjectSection(ProjectDependencies) = postProject
		{37BCA349-3FE1-43D1-A5F2-CD3C8043F9BF} = {37BCA349-3FE1-43D1-A5F2-CD3C8043F9BF}
	EndProjectSection
EndProject
Project("{8BC9CEB8-8B4A-11D0-8D11-00A0C91BC942}") = "ZERO_CHECK", "ZERO_CHECK.vcxproj", "{DD4A9015-3166-444A-89AC-84A95B2F1396}"
	ProjectSection(ProjectDependencies) = postProject
	EndProjectSection
EndProject
Project("{8BC9CEB8-8B4A-11D0-8D11-00A0C91BC942}") = "class_intrusive", "example\cpp03\class_intrusive.vcxproj", "{213700FE-ACB4-4705-BB92-8707E97BE637}"
	ProjectSection(ProjectDependencies) = postProject
		{DD4A9015-3166-444A-89AC-84A95B2F1396} = {DD4A9015-3166-444A-89AC-84A95B2F1396}
	EndProjectSection
EndProject
Project("{8BC9CEB8-8B4A-11D0-8D11-00A0C91BC942}") = "class_intrusive_map", "example\cpp03\class_intrusive_map.vcxproj", "{F2420827-854F-496B-86ED-57A5707AD37B}"
	ProjectSection(ProjectDependencies) = postProject
		{DD4A9015-3166-444A-89AC-84A95B2F1396} = {DD4A9015-3166-444A-89AC-84A95B2F1396}
	EndProjectSection
EndProject
Project("{8BC9CEB8-8B4A-11D0-8D11-00A0C91BC942}") = "class_non_intrusive", "example\cpp03\class_non_intrusive.vcxproj", "{B36657EF-5DFC-405A-A497-222C9410D5D2}"
	ProjectSection(ProjectDependencies) = postProject
		{DD4A9015-3166-444A-89AC-84A95B2F1396} = {DD4A9015-3166-444A-89AC-84A95B2F1396}
	EndProjectSection
EndProject
Project("{8BC9CEB8-8B4A-11D0-8D11-00A0C91BC942}") = "custom", "example\cpp03\custom.vcxproj", "{36674CF2-B3C4-48BF-9909-697AADC4C907}"
	ProjectSection(ProjectDependencies) = postProject
		{DD4A9015-3166-444A-89AC-84A95B2F1396} = {DD4A9015-3166-444A-89AC-84A95B2F1396}
	EndProjectSection
EndProject
Project("{8BC9CEB8-8B4A-11D0-8D11-00A0C91BC942}") = "enum", "example\cpp03\enum.vcxproj", "{F9BB45E8-DA09-432B-9921-7B649583DEA0}"
	ProjectSection(ProjectDependencies) = postProject
		{DD4A9015-3166-444A-89AC-84A95B2F1396} = {DD4A9015-3166-444A-89AC-84A95B2F1396}
	EndProjectSection
EndProject
Project("{8BC9CEB8-8B4A-11D0-8D11-00A0C91BC942}") = "lib_buffer_unpack", "example\c\lib_buffer_unpack.vcxproj", "{7C7D8F5A-0207-48FB-BA39-4535F595A2C6}"
	ProjectSection(ProjectDependencies) = postProject
		{DD4A9015-3166-444A-89AC-84A95B2F1396} = {DD4A9015-3166-444A-89AC-84A95B2F1396}
		{AF5A3875-1917-4575-BB77-4B48B0F527E5} = {AF5A3875-1917-4575-BB77-4B48B0F527E5}
	EndProjectSection
EndProject
Project("{8BC9CEB8-8B4A-11D0-8D11-00A0C91BC942}") = "map_based_versionup", "example\cpp03\map_based_versionup.vcxproj", "{6C8DA298-3BBE-4E68-969F-013A0DC27492}"
	ProjectSection(ProjectDependencies) = postProject
		{DD4A9015-3166-444A-89AC-84A95B2F1396} = {DD4A9015-3166-444A-89AC-84A95B2F1396}
	EndProjectSection
EndProject
Project("{8BC9CEB8-8B4A-11D0-8D11-00A0C91BC942}") = "msgpack", "msgpack.vcxproj", "{AF5A3875-1917-4575-BB77-4B48B0F527E5}"
	ProjectSection(ProjectDependencies) = postProject
		{DD4A9015-3166-444A-89AC-84A95B2F1396} = {DD4A9015-3166-444A-89AC-84A95B2F1396}
	EndProjectSection
EndProject
Project("{8BC9CEB8-8B4A-11D0-8D11-00A0C91BC942}") = "msgpack-static", "msgpack-static.vcxproj", "{7C9B4885-DB3E-4C0B-90AC-8AF824B5314F}"
	ProjectSection(ProjectDependencies) = postProject
		{DD4A9015-3166-444A-89AC-84A95B2F1396} = {DD4A9015-3166-444A-89AC-84A95B2F1396}
	EndProjectSection
EndProject
Project("{8BC9CEB8-8B4A-11D0-8D11-00A0C91BC942}") = "protocol", "example\cpp03\protocol.vcxproj", "{A7984644-4B3B-457D-9B93-BFB84BFBE841}"
	ProjectSection(ProjectDependencies) = postProject
		{DD4A9015-3166-444A-89AC-84A95B2F1396} = {DD4A9015-3166-444A-89AC-84A95B2F1396}
	EndProjectSection
EndProject
Project("{8BC9CEB8-8B4A-11D0-8D11-00A0C91BC942}") = "protocol_new", "example\cpp03\protocol_new.vcxproj", "{86718A32-EF10-4A76-B1F7-3D3E21F74065}"
	ProjectSection(ProjectDependencies) = postProject
		{DD4A9015-3166-444A-89AC-84A95B2F1396} = {DD4A9015-3166-444A-89AC-84A95B2F1396}
	EndProjectSection
EndProject
Project("{8BC9CEB8-8B4A-11D0-8D11-00A0C91BC942}") = "reuse_zone", "example\cpp03\reuse_zone.vcxproj", "{1CFFE178-AF6D-483C-955C-9BE86680616A}"
	ProjectSection(ProjectDependencies) = postProject
		{DD4A9015-3166-444A-89AC-84A95B2F1396} = {DD4A9015-3166-444A-89AC-84A95B2F1396}
	EndProjectSection
EndProject
Project("{8BC9CEB8-8B4A-11D0-8D11-00A0C91BC942}") = "simple", "example\cpp03\simple.vcxproj", "{7641FC96-AF76-459B-AF8B-3395947610AA}"
	ProjectSection(ProjectDependencies) = postProject
		{DD4A9015-3166-444A-89AC-84A95B2F1396} = {DD4A9015-3166-444A-89AC-84A95B2F1396}
	EndProjectSection
EndProject
Project("{8BC9CEB8-8B4A-11D0-8D11-00A0C91BC942}") = "simple_c", "example\c\simple_c.vcxproj", "{EF5DB1A3-5D27-4D71-B4DA-90B32F728B5A}"
	ProjectSection(ProjectDependencies) = postProject
		{DD4A9015-3166-444A-89AC-84A95B2F1396} = {DD4A9015-3166-444A-89AC-84A95B2F1396}
		{AF5A3875-1917-4575-BB77-4B48B0F527E5} = {AF5A3875-1917-4575-BB77-4B48B0F527E5}
	EndProjectSection
EndProject
Project("{8BC9CEB8-8B4A-11D0-8D11-00A0C91BC942}") = "speed_test_uint32_array", "example\c\speed_test_uint32_array.vcxproj", "{E56F5457-2634-4C5A-8402-C66CE979668D}"
	ProjectSection(ProjectDependencies) = postProject
		{DD4A9015-3166-444A-89AC-84A95B2F1396} = {DD4A9015-3166-444A-89AC-84A95B2F1396}
		{AF5A3875-1917-4575-BB77-4B48B0F527E5} = {AF5A3875-1917-4575-BB77-4B48B0F527E5}
	EndProjectSection
EndProject
Project("{8BC9CEB8-8B4A-11D0-8D11-00A0C91BC942}") = "speed_test_uint64_array", "example\c\speed_test_uint64_array.vcxproj", "{D23D3293-E437-483F-8747-7FAC4361DD68}"
	ProjectSection(ProjectDependencies) = postProject
		{DD4A9015-3166-444A-89AC-84A95B2F1396} = {DD4A9015-3166-444A-89AC-84A95B2F1396}
		{AF5A3875-1917-4575-BB77-4B48B0F527E5} = {AF5A3875-1917-4575-BB77-4B48B0F527E5}
	EndProjectSection
EndProject
Project("{8BC9CEB8-8B4A-11D0-8D11-00A0C91BC942}") = "user_buffer_unpack", "example\c\user_buffer_unpack.vcxproj", "{25F04797-C0DC-4617-814C-A9CDC93D110E}"
	ProjectSection(ProjectDependencies) = postProject
		{DD4A9015-3166-444A-89AC-84A95B2F1396} = {DD4A9015-3166-444A-89AC-84A95B2F1396}
		{AF5A3875-1917-4575-BB77-4B48B0F527E5} = {AF5A3875-1917-4575-BB77-4B48B0F527E5}
	EndProjectSection
EndProject
Global
	GlobalSection(SolutionConfigurationPlatforms) = preSolution
		Debug|Win32 = Debug|Win32
		Release|Win32 = Release|Win32
		MinSizeRel|Win32 = MinSizeRel|Win32
		RelWithDebInfo|Win32 = RelWithDebInfo|Win32
	EndGlobalSection
	GlobalSection(ProjectConfigurationPlatforms) = postSolution
		{37BCA349-3FE1-43D1-A5F2-CD3C8043F9BF}.Debug|Win32.ActiveCfg = Debug|Win32
		{37BCA349-3FE1-43D1-A5F2-CD3C8043F9BF}.Debug|Win32.Build.0 = Debug|Win32
		{37BCA349-3FE1-43D1-A5F2-CD3C8043F9BF}.Release|Win32.ActiveCfg = Release|Win32
		{37BCA349-3FE1-43D1-A5F2-CD3C8043F9BF}.Release|Win32.Build.0 = Release|Win32
		{37BCA349-3FE1-43D1-A5F2-CD3C8043F9BF}.MinSizeRel|Win32.ActiveCfg = MinSizeRel|Win32
		{37BCA349-3FE1-43D1-A5F2-CD3C8043F9BF}.MinSizeRel|Win32.Build.0 = MinSizeRel|Win32
		{37BCA349-3FE1-43D1-A5F2-CD3C8043F9BF}.RelWithDebInfo|Win32.ActiveCfg = RelWithDebInfo|Win32
		{37BCA349-3FE1-43D1-A5F2-CD3C8043F9BF}.RelWithDebInfo|Win32.Build.0 = RelWithDebInfo|Win32
		{1F8E9A6D-16F0-48FC-8D8E-70FB2768779E}.Debug|Win32.ActiveCfg = Debug|Win32
		{1F8E9A6D-16F0-48FC-8D8E-70FB2768779E}.Release|Win32.ActiveCfg = Release|Win32
		{1F8E9A6D-16F0-48FC-8D8E-70FB2768779E}.MinSizeRel|Win32.ActiveCfg = MinSizeRel|Win32
		{1F8E9A6D-16F0-48FC-8D8E-70FB2768779E}.RelWithDebInfo|Win32.ActiveCfg = RelWithDebInfo|Win32
		{DD4A9015-3166-444A-89AC-84A95B2F1396}.Debug|Win32.ActiveCfg = Debug|Win32
		{DD4A9015-3166-444A-89AC-84A95B2F1396}.Debug|Win32.Build.0 = Debug|Win32
		{DD4A9015-3166-444A-89AC-84A95B2F1396}.Release|Win32.ActiveCfg = Release|Win32
		{DD4A9015-3166-444A-89AC-84A95B2F1396}.Release|Win32.Build.0 = Release|Win32
		{DD4A9015-3166-444A-89AC-84A95B2F1396}.MinSizeRel|Win32.ActiveCfg = MinSizeRel|Win32
		{DD4A9015-3166-444A-89AC-84A95B2F1396}.MinSizeRel|Win32.Build.0 = MinSizeRel|Win32
		{DD4A9015-3166-444A-89AC-84A95B2F1396}.RelWithDebInfo|Win32.ActiveCfg = RelWithDebInfo|Win32
		{DD4A9015-3166-444A-89AC-84A95B2F1396}.RelWithDebInfo|Win32.Build.0 = RelWithDebInfo|Win32
		{213700FE-ACB4-4705-BB92-8707E97BE637}.Debug|Win32.ActiveCfg = Debug|Win32
		{213700FE-ACB4-4705-BB92-8707E97BE637}.Debug|Win32.Build.0 = Debug|Win32
		{213700FE-ACB4-4705-BB92-8707E97BE637}.Release|Win32.ActiveCfg = Release|Win32
		{213700FE-ACB4-4705-BB92-8707E97BE637}.Release|Win32.Build.0 = Release|Win32
		{213700FE-ACB4-4705-BB92-8707E97BE637}.MinSizeRel|Win32.ActiveCfg = MinSizeRel|Win32
		{213700FE-ACB4-4705-BB92-8707E97BE637}.MinSizeRel|Win32.Build.0 = MinSizeRel|Win32
		{213700FE-ACB4-4705-BB92-8707E97BE637}.RelWithDebInfo|Win32.ActiveCfg = RelWithDebInfo|Win32
		{213700FE-ACB4-4705-BB92-8707E97BE637}.RelWithDebInfo|Win32.Build.0 = RelWithDebInfo|Win32
		{F2420827-854F-496B-86ED-57A5707AD37B}.Debug|Win32.ActiveCfg = Debug|Win32
		{F2420827-854F-496B-86ED-57A5707AD37B}.Debug|Win32.Build.0 = Debug|Win32
		{F2420827-854F-496B-86ED-57A5707AD37B}.Release|Win32.ActiveCfg = Release|Win32
		{F2420827-854F-496B-86ED-57A5707AD37B}.Release|Win32.Build.0 = Release|Win32
		{F2420827-854F-496B-86ED-57A5707AD37B}.MinSizeRel|Win32.ActiveCfg = MinSizeRel|Win32
		{F2420827-854F-496B-86ED-57A5707AD37B}.MinSizeRel|Win32.Build.0 = MinSizeRel|Win32
		{F2420827-854F-496B-86ED-57A5707AD37B}.RelWithDebInfo|Win32.ActiveCfg = RelWithDebInfo|Win32
		{F2420827-854F-496B-86ED-57A5707AD37B}.RelWithDebInfo|Win32.Build.0 = RelWithDebInfo|Win32
		{B36657EF-5DFC-405A-A497-222C9410D5D2}.Debug|Win32.ActiveCfg = Debug|Win32
		{B36657EF-5DFC-405A-A497-222C9410D5D2}.Debug|Win32.Build.0 = Debug|Win32
		{B36657EF-5DFC-405A-A497-222C9410D5D2}.Release|Win32.ActiveCfg = Release|Win32
		{B36657EF-5DFC-405A-A497-222C9410D5D2}.Release|Win32.Build.0 = Release|Win32
		{B36657EF-5DFC-405A-A497-222C9410D5D2}.MinSizeRel|Win32.ActiveCfg = MinSizeRel|Win32
		{B36657EF-5DFC-405A-A497-222C9410D5D2}.MinSizeRel|Win32.Build.0 = MinSizeRel|Win32
		{B36657EF-5DFC-405A-A497-222C9410D5D2}.RelWithDebInfo|Win32.ActiveCfg = RelWithDebInfo|Win32
		{B36657EF-5DFC-405A-A497-222C9410D5D2}.RelWithDebInfo|Win32.Build.0 = RelWithDebInfo|Win32
		{36674CF2-B3C4-48BF-9909-697AADC4C907}.Debug|Win32.ActiveCfg = Debug|Win32
		{36674CF2-B3C4-48BF-9909-697AADC4C907}.Debug|Win32.Build.0 = Debug|Win32
		{36674CF2-B3C4-48BF-9909-697AADC4C907}.Release|Win32.ActiveCfg = Release|Win32
		{36674CF2-B3C4-48BF-9909-697AADC4C907}.Release|Win32.Build.0 = Release|Win32
		{36674CF2-B3C4-48BF-9909-697AADC4C907}.MinSizeRel|Win32.ActiveCfg = MinSizeRel|Win32
		{36674CF2-B3C4-48BF-9909-697AADC4C907}.MinSizeRel|Win32.Build.0 = MinSizeRel|Win32
		{36674CF2-B3C4-48BF-9909-697AADC4C907}.RelWithDebInfo|Win32.ActiveCfg = RelWithDebInfo|Win32
		{36674CF2-B3C4-48BF-9909-697AADC4C907}.RelWithDebInfo|Win32.Build.0 = RelWithDebInfo|Win32
		{F9BB45E8-DA09-432B-9921-7B649583DEA0}.Debug|Win32.ActiveCfg = Debug|Win32
		{F9BB45E8-DA09-432B-9921-7B649583DEA0}.Debug|Win32.Build.0 = Debug|Win32
		{F9BB45E8-DA09-432B-9921-7B649583DEA0}.Release|Win32.ActiveCfg = Release|Win32
		{F9BB45E8-DA09-432B-9921-7B649583DEA0}.Release|Win32.Build.0 = Release|Win32
		{F9BB45E8-DA09-432B-9921-7B649583DEA0}.MinSizeRel|Win32.ActiveCfg = MinSizeRel|Win32
		{F9BB45E8-DA09-432B-9921-7B649583DEA0}.MinSizeRel|Win32.Build.0 = MinSizeRel|Win32
		{F9BB45E8-DA09-432B-9921-7B649583DEA0}.RelWithDebInfo|Win32.ActiveCfg = RelWithDebInfo|Win32
		{F9BB45E8-DA09-432B-9921-7B649583DEA0}.RelWithDebInfo|Win32.Build.0 = RelWithDebInfo|Win32
		{7C7D8F5A-0207-48FB-BA39-4535F595A2C6}.Debug|Win32.ActiveCfg = Debug|Win32
		{7C7D8F5A-0207-48FB-BA39-4535F595A2C6}.Debug|Win32.Build.0 = Debug|Win32
		{7C7D8F5A-0207-48FB-BA39-4535F595A2C6}.Release|Win32.ActiveCfg = Release|Win32
		{7C7D8F5A-0207-48FB-BA39-4535F595A2C6}.Release|Win32.Build.0 = Release|Win32
		{7C7D8F5A-0207-48FB-BA39-4535F595A2C6}.MinSizeRel|Win32.ActiveCfg = MinSizeRel|Win32
		{7C7D8F5A-0207-48FB-BA39-4535F595A2C6}.MinSizeRel|Win32.Build.0 = MinSizeRel|Win32
		{7C7D8F5A-0207-48FB-BA39-4535F595A2C6}.RelWithDebInfo|Win32.ActiveCfg = RelWithDebInfo|Win32
		{7C7D8F5A-0207-48FB-BA39-4535F595A2C6}.RelWithDebInfo|Win32.Build.0 = RelWithDebInfo|Win32
		{6C8DA298-3BBE-4E68-969F-013A0DC27492}.Debug|Win32.ActiveCfg = Debug|Win32
		{6C8DA298-3BBE-4E68-969F-013A0DC27492}.Debug|Win32.Build.0 = Debug|Win32
		{6C8DA298-3BBE-4E68-969F-013A0DC27492}.Release|Win32.ActiveCfg = Release|Win32
		{6C8DA298-3BBE-4E68-969F-013A0DC27492}.Release|Win32.Build.0 = Release|Win32
		{6C8DA298-3BBE-4E68-969F-013A0DC27492}.MinSizeRel|Win32.ActiveCfg = MinSizeRel|Win32
		{6C8DA298-3BBE-4E68-969F-013A0DC27492}.MinSizeRel|Win32.Build.0 = MinSizeRel|Win32
		{6C8DA298-3BBE-4E68-969F-013A0DC27492}.RelWithDebInfo|Win32.ActiveCfg = RelWithDebInfo|Win32
		{6C8DA298-3BBE-4E68-969F-013A0DC27492}.RelWithDebInfo|Win32.Build.0 = RelWithDebInfo|Win32
		{AF5A3875-1917-4575-BB77-4B48B0F527E5}.Debug|Win32.ActiveCfg = Debug|Win32
		{AF5A3875-1917-4575-BB77-4B48B0F527E5}.Debug|Win32.Build.0 = Debug|Win32
		{AF5A3875-1917-4575-BB77-4B48B0F527E5}.Release|Win32.ActiveCfg = Release|Win32
		{AF5A3875-1917-4575-BB77-4B48B0F527E5}.Release|Win32.Build.0 = Release|Win32
		{AF5A3875-1917-4575-BB77-4B48B0F527E5}.MinSizeRel|Win32.ActiveCfg = MinSizeRel|Win32
		{AF5A3875-1917-4575-BB77-4B48B0F527E5}.MinSizeRel|Win32.Build.0 = MinSizeRel|Win32
		{AF5A3875-1917-4575-BB77-4B48B0F527E5}.RelWithDebInfo|Win32.ActiveCfg = RelWithDebInfo|Win32
		{AF5A3875-1917-4575-BB77-4B48B0F527E5}.RelWithDebInfo|Win32.Build.0 = RelWithDebInfo|Win32
		{7C9B4885-DB3E-4C0B-90AC-8AF824B5314F}.Debug|Win32.ActiveCfg = Debug|Win32
		{7C9B4885-DB3E-4C0B-90AC-8AF824B5314F}.Debug|Win32.Build.0 = Debug|Win32
		{7C9B4885-DB3E-4C0B-90AC-8AF824B5314F}.Release|Win32.ActiveCfg = Release|Win32
		{7C9B4885-DB3E-4C0B-90AC-8AF824B5314F}.Release|Win32.Build.0 = Release|Win32
		{7C9B4885-DB3E-4C0B-90AC-8AF824B5314F}.MinSizeRel|Win32.ActiveCfg = MinSizeRel|Win32
		{7C9B4885-DB3E-4C0B-90AC-8AF824B5314F}.MinSizeRel|Win32.Build.0 = MinSizeRel|Win32
		{7C9B4885-DB3E-4C0B-90AC-8AF824B5314F}.RelWithDebInfo|Win32.ActiveCfg = RelWithDebInfo|Win32
		{7C9B4885-DB3E-4C0B-90AC-8AF824B5314F}.RelWithDebInfo|Win32.Build.0 = RelWithDebInfo|Win32
		{A7984644-4B3B-457D-9B93-BFB84BFBE841}.Debug|Win32.ActiveCfg = Debug|Win32
		{A7984644-4B3B-457D-9B93-BFB84BFBE841}.Debug|Win32.Build.0 = Debug|Win32
		{A7984644-4B3B-457D-9B93-BFB84BFBE841}.Release|Win32.ActiveCfg = Release|Win32
		{A7984644-4B3B-457D-9B93-BFB84BFBE841}.Release|Win32.Build.0 = Release|Win32
		{A7984644-4B3B-457D-9B93-BFB84BFBE841}.MinSizeRel|Win32.ActiveCfg = MinSizeRel|Win32
		{A7984644-4B3B-457D-9B93-BFB84BFBE841}.MinSizeRel|Win32.Build.0 = MinSizeRel|Win32
		{A7984644-4B3B-457D-9B93-BFB84BFBE841}.RelWithDebInfo|Win32.ActiveCfg = RelWithDebInfo|Win32
		{A7984644-4B3B-457D-9B93-BFB84BFBE841}.RelWithDebInfo|Win32.Build.0 = RelWithDebInfo|Win32
		{86718A32-EF10-4A76-B1F7-3D3E21F74065}.Debug|Win32.ActiveCfg = Debug|Win32
		{86718A32-EF10-4A76-B1F7-3D3E21F74065}.Debug|Win32.Build.0 = Debug|Win32
		{86718A32-EF10-4A76-B1F7-3D3E21F74065}.Release|Win32.ActiveCfg = Release|Win32
		{86718A32-EF10-4A76-B1F7-3D3E21F74065}.Release|Win32.Build.0 = Release|Win32
		{86718A32-EF10-4A76-B1F7-3D3E21F74065}.MinSizeRel|Win32.ActiveCfg = MinSizeRel|Win32
		{86718A32-EF10-4A76-B1F7-3D3E21F74065}.MinSizeRel|Win32.Build.0 = MinSizeRel|Win32
		{86718A32-EF10-4A76-B1F7-3D3E21F74065}.RelWithDebInfo|Win32.ActiveCfg = RelWithDebInfo|Win32
		{86718A32-EF10-4A76-B1F7-3D3E21F74065}.RelWithDebInfo|Win32.Build.0 = RelWithDebInfo|Win32
		{1CFFE178-AF6D-483C-955C-9BE86680616A}.Debug|Win32.ActiveCfg = Debug|Win32
		{1CFFE178-AF6D-483C-955C-9BE86680616A}.Debug|Win32.Build.0 = Debug|Win32
		{1CFFE178-AF6D-483C-955C-9BE86680616A}.Release|Win32.ActiveCfg = Release|Win32
		{1CFFE178-AF6D-483C-955C-9BE86680616A}.Release|Win32.Build.0 = Release|Win32
		{1CFFE178-AF6D-483C-955C-9BE86680616A}.MinSizeRel|Win32.ActiveCfg = MinSizeRel|Win32
		{1CFFE178-AF6D-483C-955C-9BE86680616A}.MinSizeRel|Win32.Build.0 = MinSizeRel|Win32
		{1CFFE178-AF6D-483C-955C-9BE86680616A}.RelWithDebInfo|Win32.ActiveCfg = RelWithDebInfo|Win32
		{1CFFE178-AF6D-483C-955C-9BE86680616A}.RelWithDebInfo|Win32.Build.0 = RelWithDebInfo|Win32
		{7641FC96-AF76-459B-AF8B-3395947610AA}.Debug|Win32.ActiveCfg = Debug|Win32
		{7641FC96-AF76-459B-AF8B-3395947610AA}.Debug|Win32.Build.0 = Debug|Win32
		{7641FC96-AF76-459B-AF8B-3395947610AA}.Release|Win32.ActiveCfg = Release|Win32
		{7641FC96-AF76-459B-AF8B-3395947610AA}.Release|Win32.Build.0 = Release|Win32
		{7641FC96-AF76-459B-AF8B-3395947610AA}.MinSizeRel|Win32.ActiveCfg = MinSizeRel|Win32
		{7641FC96-AF76-459B-AF8B-3395947610AA}.MinSizeRel|Win32.Build.0 = MinSizeRel|Win32
		{7641FC96-AF76-459B-AF8B-3395947610AA}.RelWithDebInfo|Win32.ActiveCfg = RelWithDebInfo|Win32
		{7641FC96-AF76-459B-AF8B-3395947610AA}.RelWithDebInfo|Win32.Build.0 = RelWithDebInfo|Win32
		{EF5DB1A3-5D27-4D71-B4DA-90B32F728B5A}.Debug|Win32.ActiveCfg = Debug|Win32
		{EF5DB1A3-5D27-4D71-B4DA-90B32F728B5A}.Debug|Win32.Build.0 = Debug|Win32
		{EF5DB1A3-5D27-4D71-B4DA-90B32F728B5A}.Release|Win32.ActiveCfg = Release|Win32
		{EF5DB1A3-5D27-4D71-B4DA-90B32F728B5A}.Release|Win32.Build.0 = Release|Win32
		{EF5DB1A3-5D27-4D71-B4DA-90B32F728B5A}.MinSizeRel|Win32.ActiveCfg = MinSizeRel|Win32
		{EF5DB1A3-5D27-4D71-B4DA-90B32F728B5A}.MinSizeRel|Win32.Build.0 = MinSizeRel|Win32
		{EF5DB1A3-5D27-4D71-B4DA-90B32F728B5A}.RelWithDebInfo|Win32.ActiveCfg = RelWithDebInfo|Win32
		{EF5DB1A3-5D27-4D71-B4DA-90B32F728B5A}.RelWithDebInfo|Win32.Build.0 = RelWithDebInfo|Win32
		{E56F5457-2634-4C5A-8402-C66CE979668D}.Debug|Win32.ActiveCfg = Debug|Win32
		{E56F5457-2634-4C5A-8402-C66CE979668D}.Debug|Win32.Build.0 = Debug|Win32
		{E56F5457-2634-4C5A-8402-C66CE979668D}.Release|Win32.ActiveCfg = Release|Win32
		{E56F5457-2634-4C5A-8402-C66CE979668D}.Release|Win32.Build.0 = Release|Win32
		{E56F5457-2634-4C5A-8402-C66CE979668D}.MinSizeRel|Win32.ActiveCfg = MinSizeRel|Win32
		{E56F5457-2634-4C5A-8402-C66CE979668D}.MinSizeRel|Win32.Build.0 = MinSizeRel|Win32
		{E56F5457-2634-4C5A-8402-C66CE979668D}.RelWithDebInfo|Win32.ActiveCfg = RelWithDebInfo|Win32
		{E56F5457-2634-4C5A-8402-C66CE979668D}.RelWithDebInfo|Win32.Build.0 = RelWithDebInfo|Win32
		{D23D3293-E437-483F-8747-7FAC4361DD68}.Debug|Win32.ActiveCfg = Debug|Win32
		{D23D3293-E437-483F-8747-7FAC4361DD68}.Debug|Win32.Build.0 = Debug|Win32
		{D23D3293-E437-483F-8747-7FAC4361DD68}.Release|Win32.ActiveCfg = Release|Win32
		{D23D3293-E437-483F-8747-7FAC4361DD68}.Release|Win32.Build.0 = Release|Win32
		{D23D3293-E437-483F-8747-7FAC4361DD68}.MinSizeRel|Win32.ActiveCfg = MinSizeRel|Win32
		{D23D3293-E437-483F-8747-7FAC4361DD68}.MinSizeRel|Win32.Build.0 = MinSizeRel|Win32
		{D23D3293-E437-483F-8747-7FAC4361DD68}.RelWithDebInfo|Win32.ActiveCfg = RelWithDebInfo|Win32
		{D23D3293-E437-483F-8747-7FAC4361DD68}.RelWithDebInfo|Win32.Build.0 = RelWithDebInfo|Win32
		{25F04797-C0DC-4617-814C-A9CDC93D110E}.Debug|Win32.ActiveCfg = Debug|Win32
		{25F04797-C0DC-4617-814C-A9CDC93D110E}.Debug|Win32.Build.0 = Debug|Win32
		{25F04797-C0DC-4617-814C-A9CDC93D110E}.Release|Win32.ActiveCfg = Release|Win32
		{25F04797-C0DC-4617-814C-A9CDC93D110E}.Release|Win32.Build.0 = Release|Win32
		{25F04797-C0DC-4617-814C-A9CDC93D110E}.MinSizeRel|Win32.ActiveCfg = MinSizeRel|Win32
		{25F04797-C0DC-4617-814C-A9CDC93D110E}.MinSizeRel|Win32.Build.0 = MinSizeRel|Win32
		{25F04797-C0DC-4617-814C-A9CDC93D110E}.RelWithDebInfo|Win32.ActiveCfg = RelWithDebInfo|Win32
		{25F04797-C0DC-4617-814C-A9CDC93D110E}.RelWithDebInfo|Win32.Build.0 = RelWithDebInfo|Win32
	EndGlobalSection
	GlobalSection(ExtensibilityGlobals) = postSolution
	EndGlobalSection
	GlobalSection(ExtensibilityAddIns) = postSolution
	EndGlobalSection
EndGlobal
