Microsoft Visual Studio Solution File, Format Version 12.00
# Visual Studio 14
Project("{8BC9CEB8-8B4A-11D0-8D11-00A0C91BC942}") = "ALL_BUILD", "ALL_BUILD.vcxproj", "{48CDFC31-FDA6-47E0-81B0-E1A0D830B29F}"
	ProjectSection(ProjectDependencies) = postProject
		{64972398-E5DE-4990-A69B-6007E3F3D661} = {64972398-E5DE-4990-A69B-6007E3F3D661}
		{0A99B1B7-D831-46B4-9005-199DCDF70ED0} = {0A99B1B7-D831-46B4-9005-199DCDF70ED0}
		{2234E61E-E197-4807-B13D-B709EC459780} = {2234E61E-E197-4807-B13D-B709EC459780}
		{39890734-D4BD-42AE-AE3B-CF339B70320C} = {39890734-D4BD-42AE-AE3B-CF339B70320C}
		{340BA5FE-F4EA-4454-95C6-11BE25BB171E} = {340BA5FE-F4EA-4454-95C6-11BE25BB171E}
		{5699EB7B-B634-4411-B137-D1207409E823} = {5699EB7B-B634-4411-B137-D1207409E823}
		{AB1A5FE4-CF0B-47DB-92CD-03C1FE2FD559} = {AB1A5FE4-CF0B-47DB-92CD-03C1FE2FD559}
		{CD1CA3B4-F162-4EA7-AAA5-AF61A26D3DC7} = {CD1CA3B4-F162-4EA7-AAA5-AF61A26D3DC7}
		{9DAA34C5-7CAC-46B3-8639-C16B2238821C} = {9DAA34C5-7CAC-46B3-8639-C16B2238821C}
		{9CCD3D37-16EB-4627-AD96-22EAD338DEF0} = {9CCD3D37-16EB-4627-AD96-22EAD338DEF0}
		{6C4E931F-6333-4A6D-BF92-22EB77F30F1C} = {6C4E931F-6333-4A6D-BF92-22EB77F30F1C}
		{5D39CE82-95BB-42E9-9F33-D3868AF6552C} = {5D39CE82-95BB-42E9-9F33-D3868AF6552C}
		{3D4DA7BE-4F2C-4B7C-958F-199DA2E845F1} = {3D4DA7BE-4F2C-4B7C-958F-199DA2E845F1}
		{06A55A8B-8758-42AD-B0A6-E585FBF8FE76} = {06A55A8B-8758-42AD-B0A6-E585FBF8FE76}
		{28853874-80F9-4255-93E5-08663633C102} = {28853874-80F9-4255-93E5-08663633C102}
		{B74BEF68-BC3B-40D5-AB77-C35AFE4F9EDD} = {B74BEF68-BC3B-40D5-AB77-C35AFE4F9EDD}
		{12EF57CA-8D91-4835-9D0C-9DA679E5B152} = {12EF57CA-8D91-4835-9D0C-9DA679E5B152}
		{3C632912-C46F-4673-AC84-5DADCB764657} = {3C632912-C46F-4673-AC84-5DADCB764657}
		{F925ABF5-2612-4077-A4F1-67220814BAE5} = {F925ABF5-2612-4077-A4F1-67220814BAE5}
		{068E3C5C-6ACC-4F7D-8EE8-782CD5B80929} = {068E3C5C-6ACC-4F7D-8EE8-782CD5B80929}
	EndProjectSection
EndProject
Project("{8BC9CEB8-8B4A-11D0-8D11-00A0C91BC942}") = "INSTALL", "INSTALL.vcxproj", "{E88BC364-5FA1-40ED-BACC-8C1E461FD81D}"
	ProjectSection(ProjectDependencies) = postProject
		{48CDFC31-FDA6-47E0-81B0-E1A0D830B29F} = {48CDFC31-FDA6-47E0-81B0-E1A0D830B29F}
	EndProjectSection
EndProject
Project("{8BC9CEB8-8B4A-11D0-8D11-00A0C91BC942}") = "ZERO_CHECK", "ZERO_CHECK.vcxproj", "{64972398-E5DE-4990-A69B-6007E3F3D661}"
	ProjectSection(ProjectDependencies) = postProject
	EndProjectSection
EndProject
Project("{8BC9CEB8-8B4A-11D0-8D11-00A0C91BC942}") = "class_intrusive", "example\cpp03\class_intrusive.vcxproj", "{0A99B1B7-D831-46B4-9005-199DCDF70ED0}"
	ProjectSection(ProjectDependencies) = postProject
		{64972398-E5DE-4990-A69B-6007E3F3D661} = {64972398-E5DE-4990-A69B-6007E3F3D661}
	EndProjectSection
EndProject
Project("{8BC9CEB8-8B4A-11D0-8D11-00A0C91BC942}") = "class_intrusive_map", "example\cpp03\class_intrusive_map.vcxproj", "{2234E61E-E197-4807-B13D-B709EC459780}"
	ProjectSection(ProjectDependencies) = postProject
		{64972398-E5DE-4990-A69B-6007E3F3D661} = {64972398-E5DE-4990-A69B-6007E3F3D661}
	EndProjectSection
EndProject
Project("{8BC9CEB8-8B4A-11D0-8D11-00A0C91BC942}") = "class_non_intrusive", "example\cpp03\class_non_intrusive.vcxproj", "{39890734-D4BD-42AE-AE3B-CF339B70320C}"
	ProjectSection(ProjectDependencies) = postProject
		{64972398-E5DE-4990-A69B-6007E3F3D661} = {64972398-E5DE-4990-A69B-6007E3F3D661}
	EndProjectSection
EndProject
Project("{8BC9CEB8-8B4A-11D0-8D11-00A0C91BC942}") = "container", "example\cpp11\container.vcxproj", "{340BA5FE-F4EA-4454-95C6-11BE25BB171E}"
	ProjectSection(ProjectDependencies) = postProject
		{64972398-E5DE-4990-A69B-6007E3F3D661} = {64972398-E5DE-4990-A69B-6007E3F3D661}
	EndProjectSection
EndProject
Project("{8BC9CEB8-8B4A-11D0-8D11-00A0C91BC942}") = "custom", "example\cpp03\custom.vcxproj", "{5699EB7B-B634-4411-B137-D1207409E823}"
	ProjectSection(ProjectDependencies) = postProject
		{64972398-E5DE-4990-A69B-6007E3F3D661} = {64972398-E5DE-4990-A69B-6007E3F3D661}
	EndProjectSection
EndProject
Project("{8BC9CEB8-8B4A-11D0-8D11-00A0C91BC942}") = "enum", "example\cpp03\enum.vcxproj", "{AB1A5FE4-CF0B-47DB-92CD-03C1FE2FD559}"
	ProjectSection(ProjectDependencies) = postProject
		{64972398-E5DE-4990-A69B-6007E3F3D661} = {64972398-E5DE-4990-A69B-6007E3F3D661}
	EndProjectSection
EndProject
Project("{8BC9CEB8-8B4A-11D0-8D11-00A0C91BC942}") = "lib_buffer_unpack", "example\c\lib_buffer_unpack.vcxproj", "{CD1CA3B4-F162-4EA7-AAA5-AF61A26D3DC7}"
	ProjectSection(ProjectDependencies) = postProject
		{64972398-E5DE-4990-A69B-6007E3F3D661} = {64972398-E5DE-4990-A69B-6007E3F3D661}
		{9CCD3D37-16EB-4627-AD96-22EAD338DEF0} = {9CCD3D37-16EB-4627-AD96-22EAD338DEF0}
	EndProjectSection
EndProject
Project("{8BC9CEB8-8B4A-11D0-8D11-00A0C91BC942}") = "map_based_versionup", "example\cpp03\map_based_versionup.vcxproj", "{9DAA34C5-7CAC-46B3-8639-C16B2238821C}"
	ProjectSection(ProjectDependencies) = postProject
		{64972398-E5DE-4990-A69B-6007E3F3D661} = {64972398-E5DE-4990-A69B-6007E3F3D661}
	EndProjectSection
EndProject
Project("{8BC9CEB8-8B4A-11D0-8D11-00A0C91BC942}") = "msgpack", "msgpack.vcxproj", "{9CCD3D37-16EB-4627-AD96-22EAD338DEF0}"
	ProjectSection(ProjectDependencies) = postProject
		{64972398-E5DE-4990-A69B-6007E3F3D661} = {64972398-E5DE-4990-A69B-6007E3F3D661}
	EndProjectSection
EndProject
Project("{8BC9CEB8-8B4A-11D0-8D11-00A0C91BC942}") = "msgpack-static", "msgpack-static.vcxproj", "{6C4E931F-6333-4A6D-BF92-22EB77F30F1C}"
	ProjectSection(ProjectDependencies) = postProject
		{64972398-E5DE-4990-A69B-6007E3F3D661} = {64972398-E5DE-4990-A69B-6007E3F3D661}
	EndProjectSection
EndProject
Project("{8BC9CEB8-8B4A-11D0-8D11-00A0C91BC942}") = "non_def_con_class", "example\cpp11\non_def_con_class.vcxproj", "{5D39CE82-95BB-42E9-9F33-D3868AF6552C}"
	ProjectSection(ProjectDependencies) = postProject
		{64972398-E5DE-4990-A69B-6007E3F3D661} = {64972398-E5DE-4990-A69B-6007E3F3D661}
	EndProjectSection
EndProject
Project("{8BC9CEB8-8B4A-11D0-8D11-00A0C91BC942}") = "protocol", "example\cpp03\protocol.vcxproj", "{3D4DA7BE-4F2C-4B7C-958F-199DA2E845F1}"
	ProjectSection(ProjectDependencies) = postProject
		{64972398-E5DE-4990-A69B-6007E3F3D661} = {64972398-E5DE-4990-A69B-6007E3F3D661}
	EndProjectSection
EndProject
Project("{8BC9CEB8-8B4A-11D0-8D11-00A0C91BC942}") = "protocol_new", "example\cpp03\protocol_new.vcxproj", "{06A55A8B-8758-42AD-B0A6-E585FBF8FE76}"
	ProjectSection(ProjectDependencies) = postProject
		{64972398-E5DE-4990-A69B-6007E3F3D661} = {64972398-E5DE-4990-A69B-6007E3F3D661}
	EndProjectSection
EndProject
Project("{8BC9CEB8-8B4A-11D0-8D11-00A0C91BC942}") = "reuse_zone", "example\cpp03\reuse_zone.vcxproj", "{28853874-80F9-4255-93E5-08663633C102}"
	ProjectSection(ProjectDependencies) = postProject
		{64972398-E5DE-4990-A69B-6007E3F3D661} = {64972398-E5DE-4990-A69B-6007E3F3D661}
	EndProjectSection
EndProject
Project("{8BC9CEB8-8B4A-11D0-8D11-00A0C91BC942}") = "simple", "example\cpp03\simple.vcxproj", "{B74BEF68-BC3B-40D5-AB77-C35AFE4F9EDD}"
	ProjectSection(ProjectDependencies) = postProject
		{64972398-E5DE-4990-A69B-6007E3F3D661} = {64972398-E5DE-4990-A69B-6007E3F3D661}
	EndProjectSection
EndProject
Project("{8BC9CEB8-8B4A-11D0-8D11-00A0C91BC942}") = "simple_c", "example\c\simple_c.vcxproj", "{12EF57CA-8D91-4835-9D0C-9DA679E5B152}"
	ProjectSection(ProjectDependencies) = postProject
		{64972398-E5DE-4990-A69B-6007E3F3D661} = {64972398-E5DE-4990-A69B-6007E3F3D661}
		{9CCD3D37-16EB-4627-AD96-22EAD338DEF0} = {9CCD3D37-16EB-4627-AD96-22EAD338DEF0}
	EndProjectSection
EndProject
Project("{8BC9CEB8-8B4A-11D0-8D11-00A0C91BC942}") = "speed_test_uint32_array", "example\c\speed_test_uint32_array.vcxproj", "{3C632912-C46F-4673-AC84-5DADCB764657}"
	ProjectSection(ProjectDependencies) = postProject
		{64972398-E5DE-4990-A69B-6007E3F3D661} = {64972398-E5DE-4990-A69B-6007E3F3D661}
		{9CCD3D37-16EB-4627-AD96-22EAD338DEF0} = {9CCD3D37-16EB-4627-AD96-22EAD338DEF0}
	EndProjectSection
EndProject
Project("{8BC9CEB8-8B4A-11D0-8D11-00A0C91BC942}") = "speed_test_uint64_array", "example\c\speed_test_uint64_array.vcxproj", "{F925ABF5-2612-4077-A4F1-67220814BAE5}"
	ProjectSection(ProjectDependencies) = postProject
		{64972398-E5DE-4990-A69B-6007E3F3D661} = {64972398-E5DE-4990-A69B-6007E3F3D661}
		{9CCD3D37-16EB-4627-AD96-22EAD338DEF0} = {9CCD3D37-16EB-4627-AD96-22EAD338DEF0}
	EndProjectSection
EndProject
Project("{8BC9CEB8-8B4A-11D0-8D11-00A0C91BC942}") = "user_buffer_unpack", "example\c\user_buffer_unpack.vcxproj", "{068E3C5C-6ACC-4F7D-8EE8-782CD5B80929}"
	ProjectSection(ProjectDependencies) = postProject
		{64972398-E5DE-4990-A69B-6007E3F3D661} = {64972398-E5DE-4990-A69B-6007E3F3D661}
		{9CCD3D37-16EB-4627-AD96-22EAD338DEF0} = {9CCD3D37-16EB-4627-AD96-22EAD338DEF0}
	EndProjectSection
EndProject
Global
	GlobalSection(SolutionConfigurationPlatforms) = preSolution
		Debug|Win32 = Debug|Win32
		Release|Win32 = Release|Win32
		MinSizeRel|Win32 = MinSizeRel|Win32
		RelWithDebInfo|Win32 = RelWithDebInfo|Win32
	EndGlobalSection
	GlobalSection(ProjectConfigurationPlatforms) = postSolution
		{48CDFC31-FDA6-47E0-81B0-E1A0D830B29F}.Debug|Win32.ActiveCfg = Debug|Win32
		{48CDFC31-FDA6-47E0-81B0-E1A0D830B29F}.Debug|Win32.Build.0 = Debug|Win32
		{48CDFC31-FDA6-47E0-81B0-E1A0D830B29F}.Release|Win32.ActiveCfg = Release|Win32
		{48CDFC31-FDA6-47E0-81B0-E1A0D830B29F}.Release|Win32.Build.0 = Release|Win32
		{48CDFC31-FDA6-47E0-81B0-E1A0D830B29F}.MinSizeRel|Win32.ActiveCfg = MinSizeRel|Win32
		{48CDFC31-FDA6-47E0-81B0-E1A0D830B29F}.MinSizeRel|Win32.Build.0 = MinSizeRel|Win32
		{48CDFC31-FDA6-47E0-81B0-E1A0D830B29F}.RelWithDebInfo|Win32.ActiveCfg = RelWithDebInfo|Win32
		{48CDFC31-FDA6-47E0-81B0-E1A0D830B29F}.RelWithDebInfo|Win32.Build.0 = RelWithDebInfo|Win32
		{E88BC364-5FA1-40ED-BACC-8C1E461FD81D}.Debug|Win32.ActiveCfg = Debug|Win32
		{E88BC364-5FA1-40ED-BACC-8C1E461FD81D}.Release|Win32.ActiveCfg = Release|Win32
		{E88BC364-5FA1-40ED-BACC-8C1E461FD81D}.MinSizeRel|Win32.ActiveCfg = MinSizeRel|Win32
		{E88BC364-5FA1-40ED-BACC-8C1E461FD81D}.RelWithDebInfo|Win32.ActiveCfg = RelWithDebInfo|Win32
		{64972398-E5DE-4990-A69B-6007E3F3D661}.Debug|Win32.ActiveCfg = Debug|Win32
		{64972398-E5DE-4990-A69B-6007E3F3D661}.Debug|Win32.Build.0 = Debug|Win32
		{64972398-E5DE-4990-A69B-6007E3F3D661}.Release|Win32.ActiveCfg = Release|Win32
		{64972398-E5DE-4990-A69B-6007E3F3D661}.Release|Win32.Build.0 = Release|Win32
		{64972398-E5DE-4990-A69B-6007E3F3D661}.MinSizeRel|Win32.ActiveCfg = MinSizeRel|Win32
		{64972398-E5DE-4990-A69B-6007E3F3D661}.MinSizeRel|Win32.Build.0 = MinSizeRel|Win32
		{64972398-E5DE-4990-A69B-6007E3F3D661}.RelWithDebInfo|Win32.ActiveCfg = RelWithDebInfo|Win32
		{64972398-E5DE-4990-A69B-6007E3F3D661}.RelWithDebInfo|Win32.Build.0 = RelWithDebInfo|Win32
		{0A99B1B7-D831-46B4-9005-199DCDF70ED0}.Debug|Win32.ActiveCfg = Debug|Win32
		{0A99B1B7-D831-46B4-9005-199DCDF70ED0}.Debug|Win32.Build.0 = Debug|Win32
		{0A99B1B7-D831-46B4-9005-199DCDF70ED0}.Release|Win32.ActiveCfg = Release|Win32
		{0A99B1B7-D831-46B4-9005-199DCDF70ED0}.Release|Win32.Build.0 = Release|Win32
		{0A99B1B7-D831-46B4-9005-199DCDF70ED0}.MinSizeRel|Win32.ActiveCfg = MinSizeRel|Win32
		{0A99B1B7-D831-46B4-9005-199DCDF70ED0}.MinSizeRel|Win32.Build.0 = MinSizeRel|Win32
		{0A99B1B7-D831-46B4-9005-199DCDF70ED0}.RelWithDebInfo|Win32.ActiveCfg = RelWithDebInfo|Win32
		{0A99B1B7-D831-46B4-9005-199DCDF70ED0}.RelWithDebInfo|Win32.Build.0 = RelWithDebInfo|Win32
		{2234E61E-E197-4807-B13D-B709EC459780}.Debug|Win32.ActiveCfg = Debug|Win32
		{2234E61E-E197-4807-B13D-B709EC459780}.Debug|Win32.Build.0 = Debug|Win32
		{2234E61E-E197-4807-B13D-B709EC459780}.Release|Win32.ActiveCfg = Release|Win32
		{2234E61E-E197-4807-B13D-B709EC459780}.Release|Win32.Build.0 = Release|Win32
		{2234E61E-E197-4807-B13D-B709EC459780}.MinSizeRel|Win32.ActiveCfg = MinSizeRel|Win32
		{2234E61E-E197-4807-B13D-B709EC459780}.MinSizeRel|Win32.Build.0 = MinSizeRel|Win32
		{2234E61E-E197-4807-B13D-B709EC459780}.RelWithDebInfo|Win32.ActiveCfg = RelWithDebInfo|Win32
		{2234E61E-E197-4807-B13D-B709EC459780}.RelWithDebInfo|Win32.Build.0 = RelWithDebInfo|Win32
		{39890734-D4BD-42AE-AE3B-CF339B70320C}.Debug|Win32.ActiveCfg = Debug|Win32
		{39890734-D4BD-42AE-AE3B-CF339B70320C}.Debug|Win32.Build.0 = Debug|Win32
		{39890734-D4BD-42AE-AE3B-CF339B70320C}.Release|Win32.ActiveCfg = Release|Win32
		{39890734-D4BD-42AE-AE3B-CF339B70320C}.Release|Win32.Build.0 = Release|Win32
		{39890734-D4BD-42AE-AE3B-CF339B70320C}.MinSizeRel|Win32.ActiveCfg = MinSizeRel|Win32
		{39890734-D4BD-42AE-AE3B-CF339B70320C}.MinSizeRel|Win32.Build.0 = MinSizeRel|Win32
		{39890734-D4BD-42AE-AE3B-CF339B70320C}.RelWithDebInfo|Win32.ActiveCfg = RelWithDebInfo|Win32
		{39890734-D4BD-42AE-AE3B-CF339B70320C}.RelWithDebInfo|Win32.Build.0 = RelWithDebInfo|Win32
		{340BA5FE-F4EA-4454-95C6-11BE25BB171E}.Debug|Win32.ActiveCfg = Debug|Win32
		{340BA5FE-F4EA-4454-95C6-11BE25BB171E}.Debug|Win32.Build.0 = Debug|Win32
		{340BA5FE-F4EA-4454-95C6-11BE25BB171E}.Release|Win32.ActiveCfg = Release|Win32
		{340BA5FE-F4EA-4454-95C6-11BE25BB171E}.Release|Win32.Build.0 = Release|Win32
		{340BA5FE-F4EA-4454-95C6-11BE25BB171E}.MinSizeRel|Win32.ActiveCfg = MinSizeRel|Win32
		{340BA5FE-F4EA-4454-95C6-11BE25BB171E}.MinSizeRel|Win32.Build.0 = MinSizeRel|Win32
		{340BA5FE-F4EA-4454-95C6-11BE25BB171E}.RelWithDebInfo|Win32.ActiveCfg = RelWithDebInfo|Win32
		{340BA5FE-F4EA-4454-95C6-11BE25BB171E}.RelWithDebInfo|Win32.Build.0 = RelWithDebInfo|Win32
		{5699EB7B-B634-4411-B137-D1207409E823}.Debug|Win32.ActiveCfg = Debug|Win32
		{5699EB7B-B634-4411-B137-D1207409E823}.Debug|Win32.Build.0 = Debug|Win32
		{5699EB7B-B634-4411-B137-D1207409E823}.Release|Win32.ActiveCfg = Release|Win32
		{5699EB7B-B634-4411-B137-D1207409E823}.Release|Win32.Build.0 = Release|Win32
		{5699EB7B-B634-4411-B137-D1207409E823}.MinSizeRel|Win32.ActiveCfg = MinSizeRel|Win32
		{5699EB7B-B634-4411-B137-D1207409E823}.MinSizeRel|Win32.Build.0 = MinSizeRel|Win32
		{5699EB7B-B634-4411-B137-D1207409E823}.RelWithDebInfo|Win32.ActiveCfg = RelWithDebInfo|Win32
		{5699EB7B-B634-4411-B137-D1207409E823}.RelWithDebInfo|Win32.Build.0 = RelWithDebInfo|Win32
		{AB1A5FE4-CF0B-47DB-92CD-03C1FE2FD559}.Debug|Win32.ActiveCfg = Debug|Win32
		{AB1A5FE4-CF0B-47DB-92CD-03C1FE2FD559}.Debug|Win32.Build.0 = Debug|Win32
		{AB1A5FE4-CF0B-47DB-92CD-03C1FE2FD559}.Release|Win32.ActiveCfg = Release|Win32
		{AB1A5FE4-CF0B-47DB-92CD-03C1FE2FD559}.Release|Win32.Build.0 = Release|Win32
		{AB1A5FE4-CF0B-47DB-92CD-03C1FE2FD559}.MinSizeRel|Win32.ActiveCfg = MinSizeRel|Win32
		{AB1A5FE4-CF0B-47DB-92CD-03C1FE2FD559}.MinSizeRel|Win32.Build.0 = MinSizeRel|Win32
		{AB1A5FE4-CF0B-47DB-92CD-03C1FE2FD559}.RelWithDebInfo|Win32.ActiveCfg = RelWithDebInfo|Win32
		{AB1A5FE4-CF0B-47DB-92CD-03C1FE2FD559}.RelWithDebInfo|Win32.Build.0 = RelWithDebInfo|Win32
		{CD1CA3B4-F162-4EA7-AAA5-AF61A26D3DC7}.Debug|Win32.ActiveCfg = Debug|Win32
		{CD1CA3B4-F162-4EA7-AAA5-AF61A26D3DC7}.Debug|Win32.Build.0 = Debug|Win32
		{CD1CA3B4-F162-4EA7-AAA5-AF61A26D3DC7}.Release|Win32.ActiveCfg = Release|Win32
		{CD1CA3B4-F162-4EA7-AAA5-AF61A26D3DC7}.Release|Win32.Build.0 = Release|Win32
		{CD1CA3B4-F162-4EA7-AAA5-AF61A26D3DC7}.MinSizeRel|Win32.ActiveCfg = MinSizeRel|Win32
		{CD1CA3B4-F162-4EA7-AAA5-AF61A26D3DC7}.MinSizeRel|Win32.Build.0 = MinSizeRel|Win32
		{CD1CA3B4-F162-4EA7-AAA5-AF61A26D3DC7}.RelWithDebInfo|Win32.ActiveCfg = RelWithDebInfo|Win32
		{CD1CA3B4-F162-4EA7-AAA5-AF61A26D3DC7}.RelWithDebInfo|Win32.Build.0 = RelWithDebInfo|Win32
		{9DAA34C5-7CAC-46B3-8639-C16B2238821C}.Debug|Win32.ActiveCfg = Debug|Win32
		{9DAA34C5-7CAC-46B3-8639-C16B2238821C}.Debug|Win32.Build.0 = Debug|Win32
		{9DAA34C5-7CAC-46B3-8639-C16B2238821C}.Release|Win32.ActiveCfg = Release|Win32
		{9DAA34C5-7CAC-46B3-8639-C16B2238821C}.Release|Win32.Build.0 = Release|Win32
		{9DAA34C5-7CAC-46B3-8639-C16B2238821C}.MinSizeRel|Win32.ActiveCfg = MinSizeRel|Win32
		{9DAA34C5-7CAC-46B3-8639-C16B2238821C}.MinSizeRel|Win32.Build.0 = MinSizeRel|Win32
		{9DAA34C5-7CAC-46B3-8639-C16B2238821C}.RelWithDebInfo|Win32.ActiveCfg = RelWithDebInfo|Win32
		{9DAA34C5-7CAC-46B3-8639-C16B2238821C}.RelWithDebInfo|Win32.Build.0 = RelWithDebInfo|Win32
		{9CCD3D37-16EB-4627-AD96-22EAD338DEF0}.Debug|Win32.ActiveCfg = Debug|Win32
		{9CCD3D37-16EB-4627-AD96-22EAD338DEF0}.Debug|Win32.Build.0 = Debug|Win32
		{9CCD3D37-16EB-4627-AD96-22EAD338DEF0}.Release|Win32.ActiveCfg = Release|Win32
		{9CCD3D37-16EB-4627-AD96-22EAD338DEF0}.Release|Win32.Build.0 = Release|Win32
		{9CCD3D37-16EB-4627-AD96-22EAD338DEF0}.MinSizeRel|Win32.ActiveCfg = MinSizeRel|Win32
		{9CCD3D37-16EB-4627-AD96-22EAD338DEF0}.MinSizeRel|Win32.Build.0 = MinSizeRel|Win32
		{9CCD3D37-16EB-4627-AD96-22EAD338DEF0}.RelWithDebInfo|Win32.ActiveCfg = RelWithDebInfo|Win32
		{9CCD3D37-16EB-4627-AD96-22EAD338DEF0}.RelWithDebInfo|Win32.Build.0 = RelWithDebInfo|Win32
		{6C4E931F-6333-4A6D-BF92-22EB77F30F1C}.Debug|Win32.ActiveCfg = Debug|Win32
		{6C4E931F-6333-4A6D-BF92-22EB77F30F1C}.Debug|Win32.Build.0 = Debug|Win32
		{6C4E931F-6333-4A6D-BF92-22EB77F30F1C}.Release|Win32.ActiveCfg = Release|Win32
		{6C4E931F-6333-4A6D-BF92-22EB77F30F1C}.Release|Win32.Build.0 = Release|Win32
		{6C4E931F-6333-4A6D-BF92-22EB77F30F1C}.MinSizeRel|Win32.ActiveCfg = MinSizeRel|Win32
		{6C4E931F-6333-4A6D-BF92-22EB77F30F1C}.MinSizeRel|Win32.Build.0 = MinSizeRel|Win32
		{6C4E931F-6333-4A6D-BF92-22EB77F30F1C}.RelWithDebInfo|Win32.ActiveCfg = RelWithDebInfo|Win32
		{6C4E931F-6333-4A6D-BF92-22EB77F30F1C}.RelWithDebInfo|Win32.Build.0 = RelWithDebInfo|Win32
		{5D39CE82-95BB-42E9-9F33-D3868AF6552C}.Debug|Win32.ActiveCfg = Debug|Win32
		{5D39CE82-95BB-42E9-9F33-D3868AF6552C}.Debug|Win32.Build.0 = Debug|Win32
		{5D39CE82-95BB-42E9-9F33-D3868AF6552C}.Release|Win32.ActiveCfg = Release|Win32
		{5D39CE82-95BB-42E9-9F33-D3868AF6552C}.Release|Win32.Build.0 = Release|Win32
		{5D39CE82-95BB-42E9-9F33-D3868AF6552C}.MinSizeRel|Win32.ActiveCfg = MinSizeRel|Win32
		{5D39CE82-95BB-42E9-9F33-D3868AF6552C}.MinSizeRel|Win32.Build.0 = MinSizeRel|Win32
		{5D39CE82-95BB-42E9-9F33-D3868AF6552C}.RelWithDebInfo|Win32.ActiveCfg = RelWithDebInfo|Win32
		{5D39CE82-95BB-42E9-9F33-D3868AF6552C}.RelWithDebInfo|Win32.Build.0 = RelWithDebInfo|Win32
		{3D4DA7BE-4F2C-4B7C-958F-199DA2E845F1}.Debug|Win32.ActiveCfg = Debug|Win32
		{3D4DA7BE-4F2C-4B7C-958F-199DA2E845F1}.Debug|Win32.Build.0 = Debug|Win32
		{3D4DA7BE-4F2C-4B7C-958F-199DA2E845F1}.Release|Win32.ActiveCfg = Release|Win32
		{3D4DA7BE-4F2C-4B7C-958F-199DA2E845F1}.Release|Win32.Build.0 = Release|Win32
		{3D4DA7BE-4F2C-4B7C-958F-199DA2E845F1}.MinSizeRel|Win32.ActiveCfg = MinSizeRel|Win32
		{3D4DA7BE-4F2C-4B7C-958F-199DA2E845F1}.MinSizeRel|Win32.Build.0 = MinSizeRel|Win32
		{3D4DA7BE-4F2C-4B7C-958F-199DA2E845F1}.RelWithDebInfo|Win32.ActiveCfg = RelWithDebInfo|Win32
		{3D4DA7BE-4F2C-4B7C-958F-199DA2E845F1}.RelWithDebInfo|Win32.Build.0 = RelWithDebInfo|Win32
		{06A55A8B-8758-42AD-B0A6-E585FBF8FE76}.Debug|Win32.ActiveCfg = Debug|Win32
		{06A55A8B-8758-42AD-B0A6-E585FBF8FE76}.Debug|Win32.Build.0 = Debug|Win32
		{06A55A8B-8758-42AD-B0A6-E585FBF8FE76}.Release|Win32.ActiveCfg = Release|Win32
		{06A55A8B-8758-42AD-B0A6-E585FBF8FE76}.Release|Win32.Build.0 = Release|Win32
		{06A55A8B-8758-42AD-B0A6-E585FBF8FE76}.MinSizeRel|Win32.ActiveCfg = MinSizeRel|Win32
		{06A55A8B-8758-42AD-B0A6-E585FBF8FE76}.MinSizeRel|Win32.Build.0 = MinSizeRel|Win32
		{06A55A8B-8758-42AD-B0A6-E585FBF8FE76}.RelWithDebInfo|Win32.ActiveCfg = RelWithDebInfo|Win32
		{06A55A8B-8758-42AD-B0A6-E585FBF8FE76}.RelWithDebInfo|Win32.Build.0 = RelWithDebInfo|Win32
		{28853874-80F9-4255-93E5-08663633C102}.Debug|Win32.ActiveCfg = Debug|Win32
		{28853874-80F9-4255-93E5-08663633C102}.Debug|Win32.Build.0 = Debug|Win32
		{28853874-80F9-4255-93E5-08663633C102}.Release|Win32.ActiveCfg = Release|Win32
		{28853874-80F9-4255-93E5-08663633C102}.Release|Win32.Build.0 = Release|Win32
		{28853874-80F9-4255-93E5-08663633C102}.MinSizeRel|Win32.ActiveCfg = MinSizeRel|Win32
		{28853874-80F9-4255-93E5-08663633C102}.MinSizeRel|Win32.Build.0 = MinSizeRel|Win32
		{28853874-80F9-4255-93E5-08663633C102}.RelWithDebInfo|Win32.ActiveCfg = RelWithDebInfo|Win32
		{28853874-80F9-4255-93E5-08663633C102}.RelWithDebInfo|Win32.Build.0 = RelWithDebInfo|Win32
		{B74BEF68-BC3B-40D5-AB77-C35AFE4F9EDD}.Debug|Win32.ActiveCfg = Debug|Win32
		{B74BEF68-BC3B-40D5-AB77-C35AFE4F9EDD}.Debug|Win32.Build.0 = Debug|Win32
		{B74BEF68-BC3B-40D5-AB77-C35AFE4F9EDD}.Release|Win32.ActiveCfg = Release|Win32
		{B74BEF68-BC3B-40D5-AB77-C35AFE4F9EDD}.Release|Win32.Build.0 = Release|Win32
		{B74BEF68-BC3B-40D5-AB77-C35AFE4F9EDD}.MinSizeRel|Win32.ActiveCfg = MinSizeRel|Win32
		{B74BEF68-BC3B-40D5-AB77-C35AFE4F9EDD}.MinSizeRel|Win32.Build.0 = MinSizeRel|Win32
		{B74BEF68-BC3B-40D5-AB77-C35AFE4F9EDD}.RelWithDebInfo|Win32.ActiveCfg = RelWithDebInfo|Win32
		{B74BEF68-BC3B-40D5-AB77-C35AFE4F9EDD}.RelWithDebInfo|Win32.Build.0 = RelWithDebInfo|Win32
		{12EF57CA-8D91-4835-9D0C-9DA679E5B152}.Debug|Win32.ActiveCfg = Debug|Win32
		{12EF57CA-8D91-4835-9D0C-9DA679E5B152}.Debug|Win32.Build.0 = Debug|Win32
		{12EF57CA-8D91-4835-9D0C-9DA679E5B152}.Release|Win32.ActiveCfg = Release|Win32
		{12EF57CA-8D91-4835-9D0C-9DA679E5B152}.Release|Win32.Build.0 = Release|Win32
		{12EF57CA-8D91-4835-9D0C-9DA679E5B152}.MinSizeRel|Win32.ActiveCfg = MinSizeRel|Win32
		{12EF57CA-8D91-4835-9D0C-9DA679E5B152}.MinSizeRel|Win32.Build.0 = MinSizeRel|Win32
		{12EF57CA-8D91-4835-9D0C-9DA679E5B152}.RelWithDebInfo|Win32.ActiveCfg = RelWithDebInfo|Win32
		{12EF57CA-8D91-4835-9D0C-9DA679E5B152}.RelWithDebInfo|Win32.Build.0 = RelWithDebInfo|Win32
		{3C632912-C46F-4673-AC84-5DADCB764657}.Debug|Win32.ActiveCfg = Debug|Win32
		{3C632912-C46F-4673-AC84-5DADCB764657}.Debug|Win32.Build.0 = Debug|Win32
		{3C632912-C46F-4673-AC84-5DADCB764657}.Release|Win32.ActiveCfg = Release|Win32
		{3C632912-C46F-4673-AC84-5DADCB764657}.Release|Win32.Build.0 = Release|Win32
		{3C632912-C46F-4673-AC84-5DADCB764657}.MinSizeRel|Win32.ActiveCfg = MinSizeRel|Win32
		{3C632912-C46F-4673-AC84-5DADCB764657}.MinSizeRel|Win32.Build.0 = MinSizeRel|Win32
		{3C632912-C46F-4673-AC84-5DADCB764657}.RelWithDebInfo|Win32.ActiveCfg = RelWithDebInfo|Win32
		{3C632912-C46F-4673-AC84-5DADCB764657}.RelWithDebInfo|Win32.Build.0 = RelWithDebInfo|Win32
		{F925ABF5-2612-4077-A4F1-67220814BAE5}.Debug|Win32.ActiveCfg = Debug|Win32
		{F925ABF5-2612-4077-A4F1-67220814BAE5}.Debug|Win32.Build.0 = Debug|Win32
		{F925ABF5-2612-4077-A4F1-67220814BAE5}.Release|Win32.ActiveCfg = Release|Win32
		{F925ABF5-2612-4077-A4F1-67220814BAE5}.Release|Win32.Build.0 = Release|Win32
		{F925ABF5-2612-4077-A4F1-67220814BAE5}.MinSizeRel|Win32.ActiveCfg = MinSizeRel|Win32
		{F925ABF5-2612-4077-A4F1-67220814BAE5}.MinSizeRel|Win32.Build.0 = MinSizeRel|Win32
		{F925ABF5-2612-4077-A4F1-67220814BAE5}.RelWithDebInfo|Win32.ActiveCfg = RelWithDebInfo|Win32
		{F925ABF5-2612-4077-A4F1-67220814BAE5}.RelWithDebInfo|Win32.Build.0 = RelWithDebInfo|Win32
		{068E3C5C-6ACC-4F7D-8EE8-782CD5B80929}.Debug|Win32.ActiveCfg = Debug|Win32
		{068E3C5C-6ACC-4F7D-8EE8-782CD5B80929}.Debug|Win32.Build.0 = Debug|Win32
		{068E3C5C-6ACC-4F7D-8EE8-782CD5B80929}.Release|Win32.ActiveCfg = Release|Win32
		{068E3C5C-6ACC-4F7D-8EE8-782CD5B80929}.Release|Win32.Build.0 = Release|Win32
		{068E3C5C-6ACC-4F7D-8EE8-782CD5B80929}.MinSizeRel|Win32.ActiveCfg = MinSizeRel|Win32
		{068E3C5C-6ACC-4F7D-8EE8-782CD5B80929}.MinSizeRel|Win32.Build.0 = MinSizeRel|Win32
		{068E3C5C-6ACC-4F7D-8EE8-782CD5B80929}.RelWithDebInfo|Win32.ActiveCfg = RelWithDebInfo|Win32
		{068E3C5C-6ACC-4F7D-8EE8-782CD5B80929}.RelWithDebInfo|Win32.Build.0 = RelWithDebInfo|Win32
	EndGlobalSection
	GlobalSection(ExtensibilityGlobals) = postSolution
	EndGlobalSection
	GlobalSection(ExtensibilityAddIns) = postSolution
	EndGlobalSection
EndGlobal
